
Microsoft Visual Studio Solution File, Format Version 12.00
Project("{FAE04EC0-301F-11D3-BF4B-00C04F79EFBC}") = "WeddingRsvp.WebApp", "src-docker\WeddingRsvp.WebApp\WeddingRsvp.WebApp.csproj", "{577FCEC9-52CF-4CF7-B348-725EE0CE3D40}"
EndProject
Project("{2150E333-8FDC-42A3-9474-1A3956D46DE8}") = "Solution Items", "Solution Items", "{A04D4AC1-478B-40D7-BB85-F43B96A40ED1}"
	ProjectSection(SolutionItems) = preProject
		compose.yaml = compose.yaml
	EndProjectSection
EndProject
Project("{FAE04EC0-301F-11D3-BF4B-00C04F79EFBC}") = "WeddingRsvp.Api", "src-docker\WeddingRsvp.Api\WeddingRsvp.Api.csproj", "{1ABE2D42-9A46-47C9-BC56-B2E8EB02B0A9}"
EndProject
Project("{FAE04EC0-301F-11D3-BF4B-00C04F79EFBC}") = "WeddingRsvp.AppHost", "src-dotnet\WeddingRsvp.AppHost\WeddingRsvp.AppHost.csproj", "{C34ACA73-8356-4032-AAC8-2DED836C58D7}"
EndProject
Project("{FAE04EC0-301F-11D3-BF4B-00C04F79EFBC}") = "WeddingRsvp.ServiceDefaults", "src-dotnet\WeddingRsvp.ServiceDefaults\WeddingRsvp.ServiceDefaults.csproj", "{EEC24B40-BF67-4FBD-A988-F46DBE0B91A2}"
EndProject
Project("{FAE04EC0-301F-11D3-BF4B-00C04F79EFBC}") = "WeddingRsvp.Integration", "integration\WeddingRsvp.Integration\WeddingRsvp.Integration.csproj", "{70733830-2C21-4EF5-9C6C-FC2638902FAF}"
EndProject
Project("{FAE04EC0-301F-11D3-BF4B-00C04F79EFBC}") = "WeddingRsvp.Abstractions", "src-dotnet\WeddingRsvp.Abstractions\WeddingRsvp.Abstractions.csproj", "{8E234D69-09A4-4097-B194-1D0084FEFE0A}"
EndProject
Project("{FAE04EC0-301F-11D3-BF4B-00C04F79EFBC}") = "WeddingRsvp.Client", "src-dotnet\WeddingRsvp.Client\WeddingRsvp.Client.csproj", "{A3C83C23-9FE3-46CB-8E24-A3DCB2FA7E0C}"
EndProject
Project("{FAE04EC0-301F-11D3-BF4B-00C04F79EFBC}") = "WeddingRsvp.Test", "test\WeddingRsvp.Test\WeddingRsvp.Test.csproj", "{7CB6CEE1-E622-4E28-9340-C46452F0EA70}"
EndProject
Global
	GlobalSection(SolutionConfigurationPlatforms) = preSolution
		Debug|Any CPU = Debug|Any CPU
		Release|Any CPU = Release|Any CPU
	EndGlobalSection
	GlobalSection(ProjectConfigurationPlatforms) = postSolution
		{577FCEC9-52CF-4CF7-B348-725EE0CE3D40}.Debug|Any CPU.ActiveCfg = Debug|Any CPU
		{577FCEC9-52CF-4CF7-B348-725EE0CE3D40}.Debug|Any CPU.Build.0 = Debug|Any CPU
		{577FCEC9-52CF-4CF7-B348-725EE0CE3D40}.Release|Any CPU.ActiveCfg = Release|Any CPU
		{577FCEC9-52CF-4CF7-B348-725EE0CE3D40}.Release|Any CPU.Build.0 = Release|Any CPU
		{1ABE2D42-9A46-47C9-BC56-B2E8EB02B0A9}.Debug|Any CPU.ActiveCfg = Debug|Any CPU
		{1ABE2D42-9A46-47C9-BC56-B2E8EB02B0A9}.Debug|Any CPU.Build.0 = Debug|Any CPU
		{1ABE2D42-9A46-47C9-BC56-B2E8EB02B0A9}.Release|Any CPU.ActiveCfg = Release|Any CPU
		{1ABE2D42-9A46-47C9-BC56-B2E8EB02B0A9}.Release|Any CPU.Build.0 = Release|Any CPU
		{C34ACA73-8356-4032-AAC8-2DED836C58D7}.Debug|Any CPU.ActiveCfg = Debug|Any CPU
		{C34ACA73-8356-4032-AAC8-2DED836C58D7}.Debug|Any CPU.Build.0 = Debug|Any CPU
		{C34ACA73-8356-4032-AAC8-2DED836C58D7}.Release|Any CPU.ActiveCfg = Release|Any CPU
		{C34ACA73-8356-4032-AAC8-2DED836C58D7}.Release|Any CPU.Build.0 = Release|Any CPU
		{EEC24B40-BF67-4FBD-A988-F46DBE0B91A2}.Debug|Any CPU.ActiveCfg = Debug|Any CPU
		{EEC24B40-BF67-4FBD-A988-F46DBE0B91A2}.Debug|Any CPU.Build.0 = Debug|Any CPU
		{EEC24B40-BF67-4FBD-A988-F46DBE0B91A2}.Release|Any CPU.ActiveCfg = Release|Any CPU
		{EEC24B40-BF67-4FBD-A988-F46DBE0B91A2}.Release|Any CPU.Build.0 = Release|Any CPU
		{70733830-2C21-4EF5-9C6C-FC2638902FAF}.Debug|Any CPU.ActiveCfg = Debug|Any CPU
		{70733830-2C21-4EF5-9C6C-FC2638902FAF}.Debug|Any CPU.Build.0 = Debug|Any CPU
		{70733830-2C21-4EF5-9C6C-FC2638902FAF}.Release|Any CPU.ActiveCfg = Release|Any CPU
		{70733830-2C21-4EF5-9C6C-FC2638902FAF}.Release|Any CPU.Build.0 = Release|Any CPU
		{8E234D69-09A4-4097-B194-1D0084FEFE0A}.Debug|Any CPU.ActiveCfg = Debug|Any CPU
		{8E234D69-09A4-4097-B194-1D0084FEFE0A}.Debug|Any CPU.Build.0 = Debug|Any CPU
		{8E234D69-09A4-4097-B194-1D0084FEFE0A}.Release|Any CPU.ActiveCfg = Release|Any CPU
		{8E234D69-09A4-4097-B194-1D0084FEFE0A}.Release|Any CPU.Build.0 = Release|Any CPU
		{A3C83C23-9FE3-46CB-8E24-A3DCB2FA7E0C}.Debug|Any CPU.ActiveCfg = Debug|Any CPU
		{A3C83C23-9FE3-46CB-8E24-A3DCB2FA7E0C}.Debug|Any CPU.Build.0 = Debug|Any CPU
		{A3C83C23-9FE3-46CB-8E24-A3DCB2FA7E0C}.Release|Any CPU.ActiveCfg = Release|Any CPU
		{A3C83C23-9FE3-46CB-8E24-A3DCB2FA7E0C}.Release|Any CPU.Build.0 = Release|Any CPU
		{7CB6CEE1-E622-4E28-9340-C46452F0EA70}.Debug|Any CPU.ActiveCfg = Debug|Any CPU
		{7CB6CEE1-E622-4E28-9340-C46452F0EA70}.Debug|Any CPU.Build.0 = Debug|Any CPU
		{7CB6CEE1-E622-4E28-9340-C46452F0EA70}.Release|Any CPU.ActiveCfg = Release|Any CPU
		{7CB6CEE1-E622-4E28-9340-C46452F0EA70}.Release|Any CPU.Build.0 = Release|Any CPU
	EndGlobalSection
EndGlobal
